// !$*UTF8*$!
{
	archiveVersion = 1;
	classes = {
	};
	objectVersion = 45;
	objects = {

/* Begin PBXAggregateTarget section */
		11DB1DC7EA77BF809EA74976 /* compile_iossim */ = {
			isa = PBXAggregateTarget;
			buildConfigurationList = E0685D082CCDB86C35A8C9DF /* Build configuration list for PBXAggregateTarget "compile_iossim" */;
			buildPhases = (
				B13BFE539C229AEE9527FCD1 /* Action "compile iossim" */,
			);
			dependencies = (
			);
			name = compile_iossim;
			productName = compile_iossim;
		};
		C71826B4858FDC71EF5FA04F /* iossim */ = {
			isa = PBXAggregateTarget;
			buildConfigurationList = C835AB1D80833CCCA3A69DE6 /* Build configuration list for PBXAggregateTarget "iossim" */;
			buildPhases = (
				33B181BAC5C0E3F6D650E0FB /* Action "copy iossim" */,
			);
			dependencies = (
				B0207A0235CD6ABAD164E105 /* PBXTargetDependency */,
			);
			name = iossim;
			productName = iossim;
		};
		DB145EF80AAD836A2B0A9716 /* All */ = {
			isa = PBXAggregateTarget;
			buildConfigurationList = AD3DBCE8D00EAA5E61CC8908 /* Build configuration list for PBXAggregateTarget "All" */;
			buildPhases = (
			);
			dependencies = (
				FBA7422D544B36EA1EF901D9 /* PBXTargetDependency */,
				80E3B0343551A03EF344A903 /* PBXTargetDependency */,
			);
			name = All;
			productName = All;
		};
/* End PBXAggregateTarget section */

/* Begin PBXContainerItemProxy section */
		78A242928936F2ECE9FB695A /* PBXContainerItemProxy */ = {
			isa = PBXContainerItemProxy;
			containerPortal = 504F4BA314BFF083EF835DAE /* Project object */;
			proxyType = 1;
			remoteGlobalIDString = 11DB1DC7EA77BF809EA74976;
			remoteInfo = compile_iossim;
		};
		AD03D9BAC0A073BEA8177DEF /* PBXContainerItemProxy */ = {
			isa = PBXContainerItemProxy;
			containerPortal = 504F4BA314BFF083EF835DAE /* Project object */;
			proxyType = 1;
			remoteGlobalIDString = 11DB1DC7EA77BF809EA74976;
			remoteInfo = compile_iossim;
		};
		F6EB53A9CBAB59C233324A3D /* PBXContainerItemProxy */ = {
			isa = PBXContainerItemProxy;
			containerPortal = 504F4BA314BFF083EF835DAE /* Project object */;
			proxyType = 1;
			remoteGlobalIDString = C71826B4858FDC71EF5FA04F;
			remoteInfo = iossim;
		};
/* End PBXContainerItemProxy section */

/* Begin PBXFileReference section */
		01F5C6692E6BB18B1B07D769 /* common.gypi */ = {isa = PBXFileReference; lastKnownFileType = text; name = common.gypi; path = ../../build/common.gypi; sourceTree = "<group>"; };
		125543EF18F4F19631D2B383 /* iossim */ = {isa = PBXFileReference; lastKnownFileType = text; path = iossim; sourceTree = "<group>"; };
		163AC66BC2B75DC08C8A7AD4 /* mac_build.gypi */ = {isa = PBXFileReference; lastKnownFileType = text; name = mac_build.gypi; path = ../../build/ios/mac_build.gypi; sourceTree = "<group>"; };
		264F2B9DEDCAF65C9108530A /* release_impl_official.gypi */ = {isa = PBXFileReference; lastKnownFileType = text; name = release_impl_official.gypi; path = ../../build/internal/release_impl_official.gypi; sourceTree = "<group>"; };
		376D18BADC41D07CD0DA6EF5 /* release_impl.gypi */ = {isa = PBXFileReference; lastKnownFileType = text; name = release_impl.gypi; path = ../../build/internal/release_impl.gypi; sourceTree = "<group>"; };
		39F75969C591860F261C6FB4 /* filename_rules.gypi */ = {isa = PBXFileReference; lastKnownFileType = text; name = filename_rules.gypi; path = ../../build/filename_rules.gypi; sourceTree = "<group>"; };
		52206D62D79DFE0CB7254760 /* release.gypi */ = {isa = PBXFileReference; lastKnownFileType = text; name = release.gypi; path = ../../build/release.gypi; sourceTree = "<group>"; };
		89975AD3C078BE266B955BE5 /* iossim.gyp */ = {isa = PBXFileReference; lastKnownFileType = text; path = iossim.gyp; sourceTree = "<group>"; };
		C0A1783C4A468493EF3462F2 /* release_defaults.gypi */ = {isa = PBXFileReference; lastKnownFileType = text; name = release_defaults.gypi; path = ../../build/internal/release_defaults.gypi; sourceTree = "<group>"; };
/* End PBXFileReference section */

/* Begin PBXGroup section */
		46F67A9AF7A96B784DEA4154 = {
			isa = PBXGroup;
			children = (
				E6B0E95DCBC244E5F6C0C357 /* Source */,
				B4745142CB0421A959FC6E4F /* Build */,
			);
			sourceTree = "<group>";
		};
		B4745142CB0421A959FC6E4F /* Build */ = {
			isa = PBXGroup;
			children = (
				01F5C6692E6BB18B1B07D769 /* common.gypi */,
				39F75969C591860F261C6FB4 /* filename_rules.gypi */,
				89975AD3C078BE266B955BE5 /* iossim.gyp */,
				163AC66BC2B75DC08C8A7AD4 /* mac_build.gypi */,
				52206D62D79DFE0CB7254760 /* release.gypi */,
				C0A1783C4A468493EF3462F2 /* release_defaults.gypi */,
				376D18BADC41D07CD0DA6EF5 /* release_impl.gypi */,
				264F2B9DEDCAF65C9108530A /* release_impl_official.gypi */,
			);
			name = Build;
			sourceTree = "<group>";
		};
		E6B0E95DCBC244E5F6C0C357 /* Source */ = {
			isa = PBXGroup;
			children = (
				125543EF18F4F19631D2B383 /* iossim */,
			);
			name = Source;
			sourceTree = CONFIGURATION;
		};
/* End PBXGroup section */

/* Begin PBXProject section */
		504F4BA314BFF083EF835DAE /* Project object */ = {
			isa = PBXProject;
			attributes = {
				BuildIndependentTargetsInParallel = YES;
			};
			buildConfigurationList = 834A09256189CFBC4F25F797 /* Build configuration list for PBXProject "iossim" */;
			compatibilityVersion = "Xcode 3.2";
			hasScannedForEncodings = 1;
			mainGroup = 46F67A9AF7A96B784DEA4154;
			projectDirPath = "";
			projectRoot = "";
			targets = (
				DB145EF80AAD836A2B0A9716 /* All */,
				11DB1DC7EA77BF809EA74976 /* compile_iossim */,
				C71826B4858FDC71EF5FA04F /* iossim */,
			);
		};
/* End PBXProject section */

/* Begin PBXShellScriptBuildPhase section */
		33B181BAC5C0E3F6D650E0FB /* Action "copy iossim" */ = {
			isa = PBXShellScriptBuildPhase;
			buildActionMask = 2147483647;
			files = (
			);
			inputPaths = (
			);
			name = "Action \"copy iossim\"";
			outputPaths = (
				"../../xcodebuild/$(CONFIGURATION)/iossim",
			);
			runOnlyForDeploymentPostprocessing = 0;
			shellPath = /bin/sh;
			shellScript = "exec cp \"../../xcodebuild/ninja-iossim/${CONFIGURATION}/iossim\" \"../../xcodebuild/${CONFIGURATION}/iossim\"\nexit 1\n";
			showEnvVarsInLog = 0;
		};
		B13BFE539C229AEE9527FCD1 /* Action "compile iossim" */ = {
			isa = PBXShellScriptBuildPhase;
			buildActionMask = 2147483647;
			files = (
			);
			inputPaths = (
			);
			name = "Action \"compile iossim\"";
			outputPaths = (
			);
			runOnlyForDeploymentPostprocessing = 0;
			shellPath = /bin/sh;
			shellScript = "echo note: \"Generating the iossim executable\"\nexec ../../build/ios/clean_env.py \"ADD_TO_PATH=/opt/local/bin:/opt/local/sbin:/usr/bin:/bin:/usr/sbin:/sbin:/usr/local/bin:/usr/X11/bin:/Developer/Android/android-ndk-r8:/Developer/Android/android-ndk-r8/toolchains/arm-linux-androideabi-4.4.3/prebuilt/darwin-x86/bin/:/Developer/Android/android-sdk-macosx/platform-tools:/Developer/Android/android-sdk-macosx/tools:/Developer/scons-local-2.1.0/scons-local-2.1.0:/Developer/swtoolkit:/Developer/scons-local-2.1.0/scons-local-2.1.0:/Developer/swtoolkit:/Developer/depot_tools\" ninja -C \"../../xcodebuild/ninja-iossim/${CONFIGURATION}\" iossim\nexit 1\n";
			showEnvVarsInLog = 0;
		};
/* End PBXShellScriptBuildPhase section */

/* Begin PBXTargetDependency section */
		80E3B0343551A03EF344A903 /* PBXTargetDependency */ = {
			isa = PBXTargetDependency;
			target = C71826B4858FDC71EF5FA04F /* iossim */;
			targetProxy = F6EB53A9CBAB59C233324A3D /* PBXContainerItemProxy */;
		};
		B0207A0235CD6ABAD164E105 /* PBXTargetDependency */ = {
			isa = PBXTargetDependency;
			target = 11DB1DC7EA77BF809EA74976 /* compile_iossim */;
			targetProxy = AD03D9BAC0A073BEA8177DEF /* PBXContainerItemProxy */;
		};
		FBA7422D544B36EA1EF901D9 /* PBXTargetDependency */ = {
			isa = PBXTargetDependency;
			target = 11DB1DC7EA77BF809EA74976 /* compile_iossim */;
			targetProxy = 78A242928936F2ECE9FB695A /* PBXContainerItemProxy */;
		};
/* End PBXTargetDependency section */

/* Begin XCBuildConfiguration section */
		2E9AC2F8CCE473232C336E4A /* Debug */ = {
			isa = XCBuildConfiguration;
			buildSettings = {
				ALWAYS_SEARCH_USER_PATHS = NO;
				CLANG_LINK_OBJC_RUNTIME = NO;
				CLANG_WARN_CXX0X_EXTENSIONS = NO;
				CLANG_WARN_OBJC_MISSING_PROPERTY_SYNTHESIS = YES;
				COPY_PHASE_STRIP = NO;
				GCC_CW_ASM_SYNTAX = NO;
				GCC_C_LANGUAGE_STANDARD = c99;
				GCC_ENABLE_CPP_EXCEPTIONS = NO;
				GCC_ENABLE_CPP_RTTI = NO;
				GCC_ENABLE_PASCAL_STRINGS = NO;
				GCC_INLINES_ARE_PRIVATE_EXTERN = YES;
				GCC_OBJC_CALL_CXX_CDTORS = YES;
				GCC_OPTIMIZATION_LEVEL = 0;
				GCC_PRECOMPILE_PREFIX_HEADER = YES;
				GCC_PREPROCESSOR_DEFINITIONS = (
					"\"DISABLE_NACL\"",
					"\"CHROMIUM_BUILD\"",
					"\"USE_LIBJPEG_TURBO=1\"",
					"\"ENABLE_PEPPER_THREADING\"",
					"\"ENABLE_INPUT_SPEECH\"",
					"\"ENABLE_EGLIMAGE=1\"",
					"\"USE_SKIA=1\"",
					"\"ENABLE_PLUGIN_INSTALLATION=1\"",
					"\"DISABLE_FTP_SUPPORT=1\"",
					"\"DYNAMIC_ANNOTATIONS_ENABLED=1\"",
					"\"WTF_USE_DYNAMIC_ANNOTATIONS=1\"",
				);
				GCC_SYMBOLS_PRIVATE_EXTERN = YES;
				GCC_THREADSAFE_STATICS = NO;
				GCC_TREAT_WARNINGS_AS_ERRORS = NO;
				GCC_VERSION = com.apple.compilers.llvm.clang.1_0;
				GCC_WARN_ABOUT_MISSING_NEWLINE = YES;
				OTHER_CFLAGS = "";
				OTHER_LDFLAGS = "-Wl,-search_paths_first";
				PRODUCT_NAME = compile_iossim;
				RUN_CLANG_STATIC_ANALYZER = NO;
				USE_HEADERMAP = NO;
				WARNING_CFLAGS = (
					"-Wendif-labels",
					"-Wno-unused-parameter",
					"-Wno-missing-field-initializers",
					"-Wheader-hygiene",
					"-Wno-char-subscripts",
					"-Wno-unused-function",
					"-Wno-unnamed-type-template-args",
					"-Wno-c++11-extensions",
				);
				WARNING_CFLAGS_excluded = (
					"-Wall",
					"-Wextra",
				);
			};
			name = Debug;
		};
		54B402111688F2FCBCE4F30A /* Release */ = {
			isa = XCBuildConfiguration;
			buildSettings = {
				ARCHS = "$(ARCHS_UNIVERSAL_IPHONE_OS)";
				INTERMEDIATE_DIR = "$(PROJECT_DERIVED_FILE_DIR)/$(CONFIGURATION)";
				IPHONEOS_DEPLOYMENT_TARGET = 5.0;
				SDKROOT = iphoneos;
				SHARED_INTERMEDIATE_DIR = "$(SYMROOT)/DerivedSources/$(CONFIGURATION)";
				SYMROOT = ../../xcodebuild;
				TARGETED_DEVICE_FAMILY = "1,2";
				VALID_ARCHS = "armv7 i386";
			};
			name = Release;
		};
		6AC4301D03A5D20041102083 /* Release */ = {
			isa = XCBuildConfiguration;
			buildSettings = {
				PRODUCT_NAME = All;
			};
			name = Release;
		};
		83DC2AF7D962942FE6D2B825 /* Debug */ = {
			isa = XCBuildConfiguration;
			buildSettings = {
				ARCHS = "$(ARCHS_UNIVERSAL_IPHONE_OS)";
				INTERMEDIATE_DIR = "$(PROJECT_DERIVED_FILE_DIR)/$(CONFIGURATION)";
				IPHONEOS_DEPLOYMENT_TARGET = 5.0;
				SDKROOT = iphoneos;
				SHARED_INTERMEDIATE_DIR = "$(SYMROOT)/DerivedSources/$(CONFIGURATION)";
				SYMROOT = ../../xcodebuild;
				TARGETED_DEVICE_FAMILY = "1,2";
				VALID_ARCHS = "armv7 i386";
			};
			name = Debug;
		};
		9F730BF393860ADE0D36ECDA /* Release */ = {
			isa = XCBuildConfiguration;
			buildSettings = {
				ALWAYS_SEARCH_USER_PATHS = NO;
				CLANG_LINK_OBJC_RUNTIME = NO;
				CLANG_WARN_CXX0X_EXTENSIONS = NO;
				CLANG_WARN_OBJC_MISSING_PROPERTY_SYNTHESIS = YES;
				DEAD_CODE_STRIPPING = YES;
				GCC_CW_ASM_SYNTAX = NO;
				GCC_C_LANGUAGE_STANDARD = c99;
				GCC_ENABLE_CPP_EXCEPTIONS = NO;
				GCC_ENABLE_CPP_RTTI = NO;
				GCC_ENABLE_PASCAL_STRINGS = NO;
				GCC_INLINES_ARE_PRIVATE_EXTERN = YES;
				GCC_OBJC_CALL_CXX_CDTORS = YES;
				GCC_OPTIMIZATION_LEVEL = s;
				GCC_PRECOMPILE_PREFIX_HEADER = YES;
				GCC_PREPROCESSOR_DEFINITIONS = (
					"\"DISABLE_NACL\"",
					"\"CHROMIUM_BUILD\"",
					"\"USE_LIBJPEG_TURBO=1\"",
					"\"ENABLE_PEPPER_THREADING\"",
					"\"ENABLE_INPUT_SPEECH\"",
					"\"ENABLE_EGLIMAGE=1\"",
					"\"USE_SKIA=1\"",
					"\"ENABLE_PLUGIN_INSTALLATION=1\"",
					"\"DISABLE_FTP_SUPPORT=1\"",
					"\"NDEBUG\"",
					"\"NVALGRIND\"",
					"\"DYNAMIC_ANNOTATIONS_ENABLED=0\"",
				);
				GCC_SYMBOLS_PRIVATE_EXTERN = YES;
				GCC_THREADSAFE_STATICS = NO;
				GCC_TREAT_WARNINGS_AS_ERRORS = NO;
				GCC_VERSION = com.apple.compilers.llvm.clang.1_0;
				GCC_WARN_ABOUT_MISSING_NEWLINE = YES;
				OTHER_CFLAGS = "";
				OTHER_LDFLAGS = "-Wl,-search_paths_first";
				PRODUCT_NAME = compile_iossim;
				RUN_CLANG_STATIC_ANALYZER = NO;
				USE_HEADERMAP = NO;
				WARNING_CFLAGS = (
					"-Wendif-labels",
					"-Wno-unused-parameter",
					"-Wno-missing-field-initializers",
					"-Wheader-hygiene",
					"-Wno-char-subscripts",
					"-Wno-unused-function",
					"-Wno-unnamed-type-template-args",
					"-Wno-c++11-extensions",
				);
				WARNING_CFLAGS_excluded = (
					"-Wall",
					"-Wextra",
				);
			};
			name = Release;
		};
		AF3FB0ED10ED525A509793EC /* Debug */ = {
			isa = XCBuildConfiguration;
			buildSettings = {
				ALWAYS_SEARCH_USER_PATHS = NO;
				CLANG_LINK_OBJC_RUNTIME = NO;
				CLANG_WARN_CXX0X_EXTENSIONS = NO;
				CLANG_WARN_OBJC_MISSING_PROPERTY_SYNTHESIS = YES;
				COPY_PHASE_STRIP = NO;
				GCC_CW_ASM_SYNTAX = NO;
				GCC_C_LANGUAGE_STANDARD = c99;
				GCC_ENABLE_CPP_EXCEPTIONS = NO;
				GCC_ENABLE_CPP_RTTI = NO;
				GCC_ENABLE_PASCAL_STRINGS = NO;
				GCC_INLINES_ARE_PRIVATE_EXTERN = YES;
				GCC_OBJC_CALL_CXX_CDTORS = YES;
				GCC_OPTIMIZATION_LEVEL = 0;
				GCC_PRECOMPILE_PREFIX_HEADER = YES;
				GCC_PREPROCESSOR_DEFINITIONS = (
					"\"DISABLE_NACL\"",
					"\"CHROMIUM_BUILD\"",
					"\"USE_LIBJPEG_TURBO=1\"",
					"\"ENABLE_PEPPER_THREADING\"",
					"\"ENABLE_INPUT_SPEECH\"",
					"\"ENABLE_EGLIMAGE=1\"",
					"\"USE_SKIA=1\"",
					"\"ENABLE_PLUGIN_INSTALLATION=1\"",
					"\"DISABLE_FTP_SUPPORT=1\"",
					"\"DYNAMIC_ANNOTATIONS_ENABLED=1\"",
					"\"WTF_USE_DYNAMIC_ANNOTATIONS=1\"",
				);
				GCC_SYMBOLS_PRIVATE_EXTERN = YES;
				GCC_THREADSAFE_STATICS = NO;
				GCC_TREAT_WARNINGS_AS_ERRORS = NO;
				GCC_VERSION = com.apple.compilers.llvm.clang.1_0;
				GCC_WARN_ABOUT_MISSING_NEWLINE = YES;
				OTHER_CFLAGS = "";
				OTHER_LDFLAGS = "-Wl,-search_paths_first";
				PRODUCT_NAME = iossim;
				RUN_CLANG_STATIC_ANALYZER = NO;
				USE_HEADERMAP = NO;
				WARNING_CFLAGS = (
					"-Wendif-labels",
					"-Wno-unused-parameter",
					"-Wno-missing-field-initializers",
					"-Wheader-hygiene",
					"-Wno-char-subscripts",
					"-Wno-unused-function",
					"-Wno-unnamed-type-template-args",
					"-Wno-c++11-extensions",
				);
				WARNING_CFLAGS_excluded = (
					"-Wall",
					"-Wextra",
				);
			};
			name = Debug;
		};
		CBE784B632883419A6236779 /* Release */ = {
			isa = XCBuildConfiguration;
			buildSettings = {
				ALWAYS_SEARCH_USER_PATHS = NO;
				CLANG_LINK_OBJC_RUNTIME = NO;
				CLANG_WARN_CXX0X_EXTENSIONS = NO;
				CLANG_WARN_OBJC_MISSING_PROPERTY_SYNTHESIS = YES;
				DEAD_CODE_STRIPPING = YES;
				GCC_CW_ASM_SYNTAX = NO;
				GCC_C_LANGUAGE_STANDARD = c99;
				GCC_ENABLE_CPP_EXCEPTIONS = NO;
				GCC_ENABLE_CPP_RTTI = NO;
				GCC_ENABLE_PASCAL_STRINGS = NO;
				GCC_INLINES_ARE_PRIVATE_EXTERN = YES;
				GCC_OBJC_CALL_CXX_CDTORS = YES;
				GCC_OPTIMIZATION_LEVEL = s;
				GCC_PRECOMPILE_PREFIX_HEADER = YES;
				GCC_PREPROCESSOR_DEFINITIONS = (
					"\"DISABLE_NACL\"",
					"\"CHROMIUM_BUILD\"",
					"\"USE_LIBJPEG_TURBO=1\"",
					"\"ENABLE_PEPPER_THREADING\"",
					"\"ENABLE_INPUT_SPEECH\"",
					"\"ENABLE_EGLIMAGE=1\"",
					"\"USE_SKIA=1\"",
					"\"ENABLE_PLUGIN_INSTALLATION=1\"",
					"\"DISABLE_FTP_SUPPORT=1\"",
					"\"NDEBUG\"",
					"\"NVALGRIND\"",
					"\"DYNAMIC_ANNOTATIONS_ENABLED=0\"",
				);
				GCC_SYMBOLS_PRIVATE_EXTERN = YES;
				GCC_THREADSAFE_STATICS = NO;
				GCC_TREAT_WARNINGS_AS_ERRORS = NO;
				GCC_VERSION = com.apple.compilers.llvm.clang.1_0;
				GCC_WARN_ABOUT_MISSING_NEWLINE = YES;
				OTHER_CFLAGS = "";
				OTHER_LDFLAGS = "-Wl,-search_paths_first";
				PRODUCT_NAME = iossim;
				RUN_CLANG_STATIC_ANALYZER = NO;
				USE_HEADERMAP = NO;
				WARNING_CFLAGS = (
					"-Wendif-labels",
					"-Wno-unused-parameter",
					"-Wno-missing-field-initializers",
					"-Wheader-hygiene",
					"-Wno-char-subscripts",
					"-Wno-unused-function",
					"-Wno-unnamed-type-template-args",
					"-Wno-c++11-extensions",
				);
				WARNING_CFLAGS_excluded = (
					"-Wall",
					"-Wextra",
				);
			};
			name = Release;
		};
		FDB8FCE17956921446A43A91 /* Debug */ = {
			isa = XCBuildConfiguration;
			buildSettings = {
				PRODUCT_NAME = All;
			};
			name = Debug;
		};
/* End XCBuildConfiguration section */

/* Begin XCConfigurationList section */
		834A09256189CFBC4F25F797 /* Build configuration list for PBXProject "iossim" */ = {
			isa = XCConfigurationList;
			buildConfigurations = (
				83DC2AF7D962942FE6D2B825 /* Debug */,
				54B402111688F2FCBCE4F30A /* Release */,
			);
			defaultConfigurationIsVisible = 1;
			defaultConfigurationName = Debug;
		};
		AD3DBCE8D00EAA5E61CC8908 /* Build configuration list for PBXAggregateTarget "All" */ = {
			isa = XCConfigurationList;
			buildConfigurations = (
				FDB8FCE17956921446A43A91 /* Debug */,
				6AC4301D03A5D20041102083 /* Release */,
			);
			defaultConfigurationIsVisible = 1;
			defaultConfigurationName = Debug;
		};
		C835AB1D80833CCCA3A69DE6 /* Build configuration list for PBXAggregateTarget "iossim" */ = {
			isa = XCConfigurationList;
			buildConfigurations = (
				AF3FB0ED10ED525A509793EC /* Debug */,
				CBE784B632883419A6236779 /* Release */,
			);
			defaultConfigurationIsVisible = 1;
			defaultConfigurationName = Debug;
		};
		E0685D082CCDB86C35A8C9DF /* Build configuration list for PBXAggregateTarget "compile_iossim" */ = {
			isa = XCConfigurationList;
			buildConfigurations = (
				2E9AC2F8CCE473232C336E4A /* Debug */,
				9F730BF393860ADE0D36ECDA /* Release */,
			);
			defaultConfigurationIsVisible = 1;
			defaultConfigurationName = Debug;
		};
/* End XCConfigurationList section */
	};
	rootObject = 504F4BA314BFF083EF835DAE /* Project object */;
}
